
Microsoft Visual Studio Solution File, Format Version 12.00
# Visual Studio 15
VisualStudioVersion = 15.0.27428.2043
MinimumVisualStudioVersion = 10.0.40219.1
Project("{FAE04EC0-301F-11D3-BF4B-00C04F79EFBC}") = "CreateCode_MVC", "CreateCode_MVC\CreateCode_MVC.csproj", "{C63B0B5F-937A-42F4-8C1F-8877EDCE5557}"
EndProject
Global
	GlobalSection(SolutionConfigurationPlatforms) = preSolution
		Debug|Any CPU = Debug|Any CPU
		Release|Any CPU = Release|Any CPU
	EndGlobalSection
	GlobalSection(ProjectConfigurationPlatforms) = postSolution
		{C63B0B5F-937A-42F4-8C1F-8877EDCE5557}.Debug|Any CPU.ActiveCfg = Debug|Any CPU
		{C63B0B5F-937A-42F4-8C1F-8877EDCE5557}.Debug|Any CPU.Build.0 = Debug|Any CPU
		{C63B0B5F-937A-42F4-8C1F-8877EDCE5557}.Release|Any CPU.ActiveCfg = Release|Any CPU
		{C63B0B5F-937A-42F4-8C1F-8877EDCE5557}.Release|Any CPU.Build.0 = Release|Any CPU
	EndGlobalSection
	GlobalSection(SolutionProperties) = preSolution
		HideSolutionNode = FALSE
	EndGlobalSection
	GlobalSection(ExtensibilityGlobals) = postSolution
		SolutionGuid = {6FD6564A-4E81-4966-8FC1-21B6650D628A}
	EndGlobalSection
EndGlobal
